
Microsoft Visual Studio Solution File, Format Version 12.00
# Visual Studio 15
VisualStudioVersion = 15.0.28307.757
MinimumVisualStudioVersion = 10.0.40219.1
Project("{FAE04EC0-301F-11D3-BF4B-00C04F79EFBC}") = "LoadData", "LoadData\LoadData.csproj", "{20A8393A-A9D6-4603-8C3E-967F5E157867}"
EndProject
Global
	GlobalSection(SolutionConfigurationPlatforms) = preSolution
		Debug|Any CPU = Debug|Any CPU
		Release|Any CPU = Release|Any CPU
	EndGlobalSection
	GlobalSection(ProjectConfigurationPlatforms) = postSolution
		{20A8393A-A9D6-4603-8C3E-967F5E157867}.Debug|Any CPU.ActiveCfg = Debug|Any CPU
		{20A8393A-A9D6-4603-8C3E-967F5E157867}.Debug|Any CPU.Build.0 = Debug|Any CPU
		{20A8393A-A9D6-4603-8C3E-967F5E157867}.Release|Any CPU.ActiveCfg = Release|Any CPU
		{20A8393A-A9D6-4603-8C3E-967F5E157867}.Release|Any CPU.Build.0 = Release|Any CPU
	EndGlobalSection
	GlobalSection(SolutionProperties) = preSolution
		HideSolutionNode = FALSE
	EndGlobalSection
	GlobalSection(ExtensibilityGlobals) = postSolution
		SolutionGuid = {58A73106-410D-4F05-985C-31FF64BD3601}
	EndGlobalSection
EndGlobal
